
Microsoft Visual Studio Solution File, Format Version 12.00
# Visual Studio 15
VisualStudioVersion = 15.0.27130.2003
MinimumVisualStudioVersion = 10.0.40219.1
Project("{FAE04EC0-301F-11D3-BF4B-00C04F79EFBC}") = "RSAWinForms", "RSAWinForms\RSAWinForms.csproj", "{B2403B73-F3E6-4923-A332-D05A37872060}"
EndProject
Global
	GlobalSection(SolutionConfigurationPlatforms) = preSolution
		Debug|Any CPU = Debug|Any CPU
		Release|Any CPU = Release|Any CPU
	EndGlobalSection
	GlobalSection(ProjectConfigurationPlatforms) = postSolution
		{B2403B73-F3E6-4923-A332-D05A37872060}.Debug|Any CPU.ActiveCfg = Debug|Any CPU
		{B2403B73-F3E6-4923-A332-D05A37872060}.Debug|Any CPU.Build.0 = Debug|Any CPU
		{B2403B73-F3E6-4923-A332-D05A37872060}.Release|Any CPU.ActiveCfg = Release|Any CPU
		{B2403B73-F3E6-4923-A332-D05A37872060}.Release|Any CPU.Build.0 = Release|Any CPU
	EndGlobalSection
	GlobalSection(SolutionProperties) = preSolution
		HideSolutionNode = FALSE
	EndGlobalSection
	GlobalSection(ExtensibilityGlobals) = postSolution
		SolutionGuid = {B83E7BC7-1EE3-43A8-ADDC-3A2D736E8501}
	EndGlobalSection
EndGlobal
